Microsoft Visual Studio Solution File, Format Version 12.00
# Visual Studio Version 17
VisualStudioVersion = 17.0.31903.59
MinimumVisualStudioVersion = 10.0.40219.1

# Week 1: Basic Syntax and Fundamentals
Project("{2150E333-8FDC-42A3-9474-1A3956D46DE8}") = "Week1", "Week1", "{8A4CF035-5C43-4F14-8C6D-69D8A23CB9F0}"
EndProject
Project("{9A19103F-16F7-4668-BE54-9A1E7A4F7556}") = "HelloWorld", "Week1\HelloWorld\HelloWorld.csproj", "{F20E5E61-D54A-4BA3-AC7D-B3D4E9754278}"
EndProject
Project("{9A19103F-16F7-4668-BE54-9A1E7A4F7556}") = "BasicSyntaxPractice", "Week1\BasicSyntaxPractice\BasicSyntaxPractice.csproj", "{3E952423-AD9E-4D33-B792-95B5BC68DD89}"
EndProject
Project("{9A19103F-16F7-4668-BE54-9A1E7A4F7556}") = "LoopsExercise", "Week1\LoopsExercise\LoopsExercise.csproj", "{51D32A7E-0385-42B0-A9A5-18B8DE9101D9}"
EndProject

# Week 2: Object-Oriented Programming
Project("{2150E333-8FDC-42A3-9474-1A3956D46DE8}") = "Week2", "Week2", "{E4D3B70F-3D78-4A19-A8F6-3ACAEBC58718}"
EndProject
Project("{9A19103F-16F7-4668-BE54-9A1E7A4F7556}") = "ClassBasics", "Week2\ClassBasics\ClassBasics.csproj", "{55D35722-CAB8-4F1D-B89E-56DA387B4C93}"
EndProject
Project("{9A19103F-16F7-4668-BE54-9A1E7A4F7556}") = "InheritanceDemo", "Week2\InheritanceDemo\InheritanceDemo.csproj", "{A8E2F1B4-3C7D-4E5F-9A1B-2C3D4E5F6A7B}"
EndProject
Project("{9A19103F-16F7-4668-BE54-9A1E7A4F7556}") = "InterfacesAndAbstracts", "Week2\InterfacesAndAbstracts\InterfacesAndAbstracts.csproj", "{B9F3G2C5-4D8E-5F6G-0B2C-3D4E5F6G7A8C}"
EndProject
Project("{9A19103F-16F7-4668-BE54-9A1E7A4F7556}") = "ExceptionHandlingDemo", "Week2\ExceptionHandlingDemo\ExceptionHandlingDemo.csproj", "{C0G4H3D6-5E9F-6G7H-1C3D-4E5F6G7H8B9D}"
EndProject

# Week 3: Collections and Data Structures
Project("{2150E333-8FDC-42A3-9474-1A3956D46DE8}") = "Week3", "Week3", "{D1H5I4E7-6F0G-7H8I-2D4E-5F6G7H8I9C0E}"
EndProject
Project("{9A19103F-16F7-4668-BE54-9A1E7A4F7556}") = "CollectionsDemo", "Week3\CollectionsDemo\CollectionsDemo.csproj", "{E2I6J5F8-7G1H-8I9J-3E5F-6G7H8I9J0D1F}"
EndProject
Project("{9A19103F-16F7-4668-BE54-9A1E7A4F7556}") = "LinqDemo", "Week3\LinqDemo\LinqDemo.csproj", "{F3J7K6G9-8H2I-9J0K-4F6G-7H8I9J0K1E2G}"
EndProject

# Week 4: Advanced Programming Concepts
Project("{2150E333-8FDC-42A3-9474-1A3956D46DE8}") = "Week4", "Week4", "{G4K8L7H0-9I3J-0K1L-5G7H-8I9J0K1L2F3H}"
EndProject
Project("{9A19103F-16F7-4668-BE54-9A1E7A4F7556}") = "AsyncProgrammingDemo", "Week4\AsyncProgrammingDemo\AsyncProgrammingDemo.csproj", "{H5L9M8I1-0J4K-1L2M-6H8I-9J0K1L2M3G4I}"
EndProject
Project("{9A19103F-16F7-4668-BE54-9A1E7A4F7556}") = "LambdaExpressionsDemo", "Week4\LambdaExpressionsDemo\LambdaExpressionsDemo.csproj", "{I6M0N9J2-1K5L-2M3N-7I9J-0K1L2M3N4H5J}"
EndProject

# Week 5: Web API Development
Project("{2150E333-8FDC-42A3-9474-1A3956D46DE8}") = "Week5", "Week5", "{J7N1O0K3-2L6M-3N4O-8J0K-1L2M3N4O5I6K}"
EndProject
Project("{9A19103F-16F7-4668-BE54-9A1E7A4F7556}") = "BasicWebAPI", "Week5\BasicWebAPI\BasicWebAPI.csproj", "{K8O2P1L4-3M7N-4O5P-9K1L-2M3N4O5P6J7L}"
EndProject

# Week 6: Entity Framework and Databases
Project("{2150E333-8FDC-42A3-9474-1A3956D46DE8}") = "Week6", "Week6", "{L9P3Q2M5-4N8O-5P6Q-0L2M-3N4O5P6Q7K8M}"
EndProject
Project("{9A19103F-16F7-4668-BE54-9A1E7A4F7556}") = "EntityFrameworkDemo", "Week6\EntityFrameworkDemo\EntityFrameworkDemo.csproj", "{M0Q4R3N6-5O9P-6Q7R-1M3N-4O5P6Q7R8L9N}"
EndProject

# Week 7: Security and Authentication
Project("{2150E333-8FDC-42A3-9474-1A3956D46DE8}") = "Week7", "Week7", "{N1R5S4O7-6P0Q-7R8S-2N4O-5P6Q7R8S9M0O}"
EndProject
Project("{9A19103F-16F7-4668-BE54-9A1E7A4F7556}") = "SecureAuthDemo", "Week7\SecureAuthDemo\SecureAuthDemo.csproj", "{O2S6T5P8-7Q1R-8S9T-3O5P-6Q7R8S9T0N1P}"
EndProject

# Week 8: Enterprise Integration and Final Project
Project("{2150E333-8FDC-42A3-9474-1A3956D46DE8}") = "Week8", "Week8", "{P3T7U6Q9-8R2S-9T0U-4P6Q-7R8S9T0U1O2Q}"
EndProject
Project("{9A19103F-16F7-4668-BE54-9A1E7A4F7556}") = "ComprehensiveDemo", "Week8\ComprehensiveDemo\ComprehensiveDemo.csproj", "{Q4U8V7R0-9S3T-0U1V-5Q7R-8S9T0U1V2P3R}"
EndProject
Global
	GlobalSection(SolutionConfigurationPlatforms) = preSolution
		Debug|Any CPU = Debug|Any CPU
		Release|Any CPU = Release|Any CPU
	EndGlobalSection
	GlobalSection(ProjectConfigurationPlatforms) = postSolution
		{F20E5E61-D54A-4BA3-AC7D-B3D4E9754278}.Debug|Any CPU.ActiveCfg = Debug|Any CPU
		{F20E5E61-D54A-4BA3-AC7D-B3D4E9754278}.Debug|Any CPU.Build.0 = Debug|Any CPU
		{F20E5E61-D54A-4BA3-AC7D-B3D4E9754278}.Release|Any CPU.ActiveCfg = Release|Any CPU
		{F20E5E61-D54A-4BA3-AC7D-B3D4E9754278}.Release|Any CPU.Build.0 = Release|Any CPU
		{3E952423-AD9E-4D33-B792-95B5BC68DD89}.Debug|Any CPU.ActiveCfg = Debug|Any CPU
		{3E952423-AD9E-4D33-B792-95B5BC68DD89}.Debug|Any CPU.Build.0 = Debug|Any CPU
		{3E952423-AD9E-4D33-B792-95B5BC68DD89}.Release|Any CPU.ActiveCfg = Release|Any CPU
		{3E952423-AD9E-4D33-B792-95B5BC68DD89}.Release|Any CPU.Build.0 = Release|Any CPU
		{51D32A7E-0385-42B0-A9A5-18B8DE9101D9}.Debug|Any CPU.ActiveCfg = Debug|Any CPU
		{51D32A7E-0385-42B0-A9A5-18B8DE9101D9}.Debug|Any CPU.Build.0 = Debug|Any CPU
		{51D32A7E-0385-42B0-A9A5-18B8DE9101D9}.Release|Any CPU.ActiveCfg = Release|Any CPU
		{51D32A7E-0385-42B0-A9A5-18B8DE9101D9}.Release|Any CPU.Build.0 = Release|Any CPU
		{55D35722-CAB8-4F1D-B89E-56DA387B4C93}.Debug|Any CPU.ActiveCfg = Debug|Any CPU
		{55D35722-CAB8-4F1D-B89E-56DA387B4C93}.Debug|Any CPU.Build.0 = Debug|Any CPU
		{55D35722-CAB8-4F1D-B89E-56DA387B4C93}.Release|Any CPU.ActiveCfg = Release|Any CPU
		{55D35722-CAB8-4F1D-B89E-56DA387B4C93}.Release|Any CPU.Build.0 = Release|Any CPU
		{A8E2F1B4-3C7D-4E5F-9A1B-2C3D4E5F6A7B}.Debug|Any CPU.ActiveCfg = Debug|Any CPU
		{A8E2F1B4-3C7D-4E5F-9A1B-2C3D4E5F6A7B}.Debug|Any CPU.Build.0 = Debug|Any CPU
		{A8E2F1B4-3C7D-4E5F-9A1B-2C3D4E5F6A7B}.Release|Any CPU.ActiveCfg = Release|Any CPU
		{A8E2F1B4-3C7D-4E5F-9A1B-2C3D4E5F6A7B}.Release|Any CPU.Build.0 = Release|Any CPU
		{B9F3G2C5-4D8E-5F6G-0B2C-3D4E5F6G7A8C}.Debug|Any CPU.ActiveCfg = Debug|Any CPU
		{B9F3G2C5-4D8E-5F6G-0B2C-3D4E5F6G7A8C}.Debug|Any CPU.Build.0 = Debug|Any CPU
		{B9F3G2C5-4D8E-5F6G-0B2C-3D4E5F6G7A8C}.Release|Any CPU.ActiveCfg = Release|Any CPU
		{B9F3G2C5-4D8E-5F6G-0B2C-3D4E5F6G7A8C}.Release|Any CPU.Build.0 = Release|Any CPU
		{C0G4H3D6-5E9F-6G7H-1C3D-4E5F6G7H8B9D}.Debug|Any CPU.ActiveCfg = Debug|Any CPU
		{C0G4H3D6-5E9F-6G7H-1C3D-4E5F6G7H8B9D}.Debug|Any CPU.Build.0 = Debug|Any CPU
		{C0G4H3D6-5E9F-6G7H-1C3D-4E5F6G7H8B9D}.Release|Any CPU.ActiveCfg = Release|Any CPU
		{C0G4H3D6-5E9F-6G7H-1C3D-4E5F6G7H8B9D}.Release|Any CPU.Build.0 = Release|Any CPU
		{E2I6J5F8-7G1H-8I9J-3E5F-6G7H8I9J0D1F}.Debug|Any CPU.ActiveCfg = Debug|Any CPU
		{E2I6J5F8-7G1H-8I9J-3E5F-6G7H8I9J0D1F}.Debug|Any CPU.Build.0 = Debug|Any CPU
		{E2I6J5F8-7G1H-8I9J-3E5F-6G7H8I9J0D1F}.Release|Any CPU.ActiveCfg = Release|Any CPU
		{E2I6J5F8-7G1H-8I9J-3E5F-6G7H8I9J0D1F}.Release|Any CPU.Build.0 = Release|Any CPU
		{F3J7K6G9-8H2I-9J0K-4F6G-7H8I9J0K1E2G}.Debug|Any CPU.ActiveCfg = Debug|Any CPU
		{F3J7K6G9-8H2I-9J0K-4F6G-7H8I9J0K1E2G}.Debug|Any CPU.Build.0 = Debug|Any CPU
		{F3J7K6G9-8H2I-9J0K-4F6G-7H8I9J0K1E2G}.Release|Any CPU.ActiveCfg = Release|Any CPU
		{F3J7K6G9-8H2I-9J0K-4F6G-7H8I9J0K1E2G}.Release|Any CPU.Build.0 = Release|Any CPU
		{H5L9M8I1-0J4K-1L2M-6H8I-9J0K1L2M3G4I}.Debug|Any CPU.ActiveCfg = Debug|Any CPU
		{H5L9M8I1-0J4K-1L2M-6H8I-9J0K1L2M3G4I}.Debug|Any CPU.Build.0 = Debug|Any CPU
		{H5L9M8I1-0J4K-1L2M-6H8I-9J0K1L2M3G4I}.Release|Any CPU.ActiveCfg = Release|Any CPU
		{H5L9M8I1-0J4K-1L2M-6H8I-9J0K1L2M3G4I}.Release|Any CPU.Build.0 = Release|Any CPU
		{I6M0N9J2-1K5L-2M3N-7I9J-0K1L2M3N4H5J}.Debug|Any CPU.ActiveCfg = Debug|Any CPU
		{I6M0N9J2-1K5L-2M3N-7I9J-0K1L2M3N4H5J}.Debug|Any CPU.Build.0 = Debug|Any CPU
		{I6M0N9J2-1K5L-2M3N-7I9J-0K1L2M3N4H5J}.Release|Any CPU.ActiveCfg = Release|Any CPU
		{I6M0N9J2-1K5L-2M3N-7I9J-0K1L2M3N4H5J}.Release|Any CPU.Build.0 = Release|Any CPU
		{K8O2P1L4-3M7N-4O5P-9K1L-2M3N4O5P6J7L}.Debug|Any CPU.ActiveCfg = Debug|Any CPU
		{K8O2P1L4-3M7N-4O5P-9K1L-2M3N4O5P6J7L}.Debug|Any CPU.Build.0 = Debug|Any CPU
		{K8O2P1L4-3M7N-4O5P-9K1L-2M3N4O5P6J7L}.Release|Any CPU.ActiveCfg = Release|Any CPU
		{K8O2P1L4-3M7N-4O5P-9K1L-2M3N4O5P6J7L}.Release|Any CPU.Build.0 = Release|Any CPU
		{M0Q4R3N6-5O9P-6Q7R-1M3N-4O5P6Q7R8L9N}.Debug|Any CPU.ActiveCfg = Debug|Any CPU
		{M0Q4R3N6-5O9P-6Q7R-1M3N-4O5P6Q7R8L9N}.Debug|Any CPU.Build.0 = Debug|Any CPU
		{M0Q4R3N6-5O9P-6Q7R-1M3N-4O5P6Q7R8L9N}.Release|Any CPU.ActiveCfg = Release|Any CPU
		{M0Q4R3N6-5O9P-6Q7R-1M3N-4O5P6Q7R8L9N}.Release|Any CPU.Build.0 = Release|Any CPU
		{O2S6T5P8-7Q1R-8S9T-3O5P-6Q7R8S9T0N1P}.Debug|Any CPU.ActiveCfg = Debug|Any CPU
		{O2S6T5P8-7Q1R-8S9T-3O5P-6Q7R8S9T0N1P}.Debug|Any CPU.Build.0 = Debug|Any CPU
		{O2S6T5P8-7Q1R-8S9T-3O5P-6Q7R8S9T0N1P}.Release|Any CPU.ActiveCfg = Release|Any CPU
		{O2S6T5P8-7Q1R-8S9T-3O5P-6Q7R8S9T0N1P}.Release|Any CPU.Build.0 = Release|Any CPU
		{Q4U8V7R0-9S3T-0U1V-5Q7R-8S9T0U1V2P3R}.Debug|Any CPU.ActiveCfg = Debug|Any CPU
		{Q4U8V7R0-9S3T-0U1V-5Q7R-8S9T0U1V2P3R}.Debug|Any CPU.Build.0 = Debug|Any CPU
		{Q4U8V7R0-9S3T-0U1V-5Q7R-8S9T0U1V2P3R}.Release|Any CPU.ActiveCfg = Release|Any CPU
		{Q4U8V7R0-9S3T-0U1V-5Q7R-8S9T0U1V2P3R}.Release|Any CPU.Build.0 = Release|Any CPU
	EndGlobalSection
	GlobalSection(SolutionProperties) = preSolution
		HideSolutionNode = FALSE
	EndGlobalSection
	GlobalSection(NestedProjects) = preSolution
		{F20E5E61-D54A-4BA3-AC7D-B3D4E9754278} = {8A4CF035-5C43-4F14-8C6D-69D8A23CB9F0}
		{3E952423-AD9E-4D33-B792-95B5BC68DD89} = {8A4CF035-5C43-4F14-8C6D-69D8A23CB9F0}
		{51D32A7E-0385-42B0-A9A5-18B8DE9101D9} = {8A4CF035-5C43-4F14-8C6D-69D8A23CB9F0}
		{55D35722-CAB8-4F1D-B89E-56DA387B4C93} = {E4D3B70F-3D78-4A19-A8F6-3ACAEBC58718}
		{A8E2F1B4-3C7D-4E5F-9A1B-2C3D4E5F6A7B} = {E4D3B70F-3D78-4A19-A8F6-3ACAEBC58718}
		{B9F3G2C5-4D8E-5F6G-0B2C-3D4E5F6G7A8C} = {E4D3B70F-3D78-4A19-A8F6-3ACAEBC58718}
		{C0G4H3D6-5E9F-6G7H-1C3D-4E5F6G7H8B9D} = {E4D3B70F-3D78-4A19-A8F6-3ACAEBC58718}
		{E2I6J5F8-7G1H-8I9J-3E5F-6G7H8I9J0D1F} = {D1H5I4E7-6F0G-7H8I-2D4E-5F6G7H8I9C0E}
		{F3J7K6G9-8H2I-9J0K-4F6G-7H8I9J0K1E2G} = {D1H5I4E7-6F0G-7H8I-2D4E-5F6G7H8I9C0E}
		{H5L9M8I1-0J4K-1L2M-6H8I-9J0K1L2M3G4I} = {G4K8L7H0-9I3J-0K1L-5G7H-8I9J0K1L2F3H}
		{I6M0N9J2-1K5L-2M3N-7I9J-0K1L2M3N4H5J} = {G4K8L7H0-9I3J-0K1L-5G7H-8I9J0K1L2F3H}
		{K8O2P1L4-3M7N-4O5P-9K1L-2M3N4O5P6J7L} = {J7N1O0K3-2L6M-3N4O-8J0K-1L2M3N4O5I6K}
		{M0Q4R3N6-5O9P-6Q7R-1M3N-4O5P6Q7R8L9N} = {L9P3Q2M5-4N8O-5P6Q-0L2M-3N4O5P6Q7K8M}
		{O2S6T5P8-7Q1R-8S9T-3O5P-6Q7R8S9T0N1P} = {N1R5S4O7-6P0Q-7R8S-2N4O-5P6Q7R8S9M0O}
		{Q4U8V7R0-9S3T-0U1V-5Q7R-8S9T0U1V2P3R} = {P3T7U6Q9-8R2S-9T0U-4P6Q-7R8S9T0U1O2Q}
	EndGlobalSection
	GlobalSection(ExtensibilityGlobals) = postSolution
		SolutionGuid = {A2F47B1E-7D3C-4E8A-9B5C-1F2A3B4C5D6E}
	EndGlobalSection
EndGlobal
